
Microsoft Visual Studio Solution File, Format Version 12.00
Project("{2150E333-8FDC-42A3-9474-1A3956D46DE8}") = "Infrastructure", "Infrastructure", "{0E6191BF-D24B-4A45-8FE2-FC74145607F7}"
EndProject
Project("{FAE04EC0-301F-11D3-BF4B-00C04F79EFBC}") = "User.Infrastructure.EFCore", "Infrastructure\User.Infrastructure.EFCore\User.Infrastructure.EFCore.csproj", "{045C62DC-D060-492B-87C6-0493DD368A7D}"
EndProject
Project("{2150E333-8FDC-42A3-9474-1A3956D46DE8}") = "Application", "Application", "{880E2B7A-9786-4641-91D6-B05296CED181}"
EndProject
Project("{2150E333-8FDC-42A3-9474-1A3956D46DE8}") = "Domain", "Domain", "{AAE99484-F73B-4A1F-AF17-36F50D92FC4D}"
EndProject
Project("{FAE04EC0-301F-11D3-BF4B-00C04F79EFBC}") = "User.Domain.Core", "Domain\User.Domain.Core\User.Domain.Core.csproj", "{99EA652F-CC99-4E21-A5E5-A1C3B9FEAAF3}"
EndProject
Project("{FAE04EC0-301F-11D3-BF4B-00C04F79EFBC}") = "User.Application", "Application\User.Application\User.Application.csproj", "{8947DAE4-BA14-4AFE-BBD8-AB8E7DD5C311}"
EndProject
Project("{2150E333-8FDC-42A3-9474-1A3956D46DE8}") = "Tests", "Tests", "{E16250C7-E73B-4A00-A193-CC9D6F4F04A7}"
EndProject
Project("{FAE04EC0-301F-11D3-BF4B-00C04F79EFBC}") = "User.Api.Tests", "Tests\User.Api.Tests\User.Api.Tests.csproj", "{95472B16-2AD8-450D-ABB5-87B8C03BAA39}"
EndProject
Project("{FAE04EC0-301F-11D3-BF4B-00C04F79EFBC}") = "User.Application.Tests", "Tests\User.Application.Tests\User.Application.Tests.csproj", "{02FB203E-3443-441E-AC90-F8C850972406}"
EndProject
Project("{FAE04EC0-301F-11D3-BF4B-00C04F79EFBC}") = "Shared.Domain", "Domain\Shared.Domain\Shared.Domain.csproj", "{E0A8E0EF-FF89-40F7-85DB-C0EF07928F2B}"
EndProject
Project("{FAE04EC0-301F-11D3-BF4B-00C04F79EFBC}") = "User.Application.Contracts", "Application\User.Application.Contracts\User.Application.Contracts.csproj", "{9621F1BD-AB47-493F-B7B4-2FD6E733EFEA}"
EndProject
Project("{2150E333-8FDC-42A3-9474-1A3956D46DE8}") = "Presentation", "Presentation", "{F3F39D59-2E71-4282-AEA7-E3DE0E57BD17}"
EndProject
Project("{FAE04EC0-301F-11D3-BF4B-00C04F79EFBC}") = "User.Api", "Presentation\User.Api\User.Api.csproj", "{B2ED04FC-7E2C-4665-81F2-BBBFB9A6B929}"
EndProject
Global
	GlobalSection(SolutionConfigurationPlatforms) = preSolution
		Debug|Any CPU = Debug|Any CPU
		Release|Any CPU = Release|Any CPU
	EndGlobalSection
	GlobalSection(ProjectConfigurationPlatforms) = postSolution
		{045C62DC-D060-492B-87C6-0493DD368A7D}.Debug|Any CPU.ActiveCfg = Debug|Any CPU
		{045C62DC-D060-492B-87C6-0493DD368A7D}.Debug|Any CPU.Build.0 = Debug|Any CPU
		{045C62DC-D060-492B-87C6-0493DD368A7D}.Release|Any CPU.ActiveCfg = Release|Any CPU
		{045C62DC-D060-492B-87C6-0493DD368A7D}.Release|Any CPU.Build.0 = Release|Any CPU
		{99EA652F-CC99-4E21-A5E5-A1C3B9FEAAF3}.Debug|Any CPU.ActiveCfg = Debug|Any CPU
		{99EA652F-CC99-4E21-A5E5-A1C3B9FEAAF3}.Debug|Any CPU.Build.0 = Debug|Any CPU
		{99EA652F-CC99-4E21-A5E5-A1C3B9FEAAF3}.Release|Any CPU.ActiveCfg = Release|Any CPU
		{99EA652F-CC99-4E21-A5E5-A1C3B9FEAAF3}.Release|Any CPU.Build.0 = Release|Any CPU
		{8947DAE4-BA14-4AFE-BBD8-AB8E7DD5C311}.Debug|Any CPU.ActiveCfg = Debug|Any CPU
		{8947DAE4-BA14-4AFE-BBD8-AB8E7DD5C311}.Debug|Any CPU.Build.0 = Debug|Any CPU
		{8947DAE4-BA14-4AFE-BBD8-AB8E7DD5C311}.Release|Any CPU.ActiveCfg = Release|Any CPU
		{8947DAE4-BA14-4AFE-BBD8-AB8E7DD5C311}.Release|Any CPU.Build.0 = Release|Any CPU
		{95472B16-2AD8-450D-ABB5-87B8C03BAA39}.Debug|Any CPU.ActiveCfg = Debug|Any CPU
		{95472B16-2AD8-450D-ABB5-87B8C03BAA39}.Debug|Any CPU.Build.0 = Debug|Any CPU
		{95472B16-2AD8-450D-ABB5-87B8C03BAA39}.Release|Any CPU.ActiveCfg = Release|Any CPU
		{95472B16-2AD8-450D-ABB5-87B8C03BAA39}.Release|Any CPU.Build.0 = Release|Any CPU
		{02FB203E-3443-441E-AC90-F8C850972406}.Debug|Any CPU.ActiveCfg = Debug|Any CPU
		{02FB203E-3443-441E-AC90-F8C850972406}.Debug|Any CPU.Build.0 = Debug|Any CPU
		{02FB203E-3443-441E-AC90-F8C850972406}.Release|Any CPU.ActiveCfg = Release|Any CPU
		{02FB203E-3443-441E-AC90-F8C850972406}.Release|Any CPU.Build.0 = Release|Any CPU
		{E0A8E0EF-FF89-40F7-85DB-C0EF07928F2B}.Debug|Any CPU.ActiveCfg = Debug|Any CPU
		{E0A8E0EF-FF89-40F7-85DB-C0EF07928F2B}.Debug|Any CPU.Build.0 = Debug|Any CPU
		{E0A8E0EF-FF89-40F7-85DB-C0EF07928F2B}.Release|Any CPU.ActiveCfg = Release|Any CPU
		{E0A8E0EF-FF89-40F7-85DB-C0EF07928F2B}.Release|Any CPU.Build.0 = Release|Any CPU
		{9621F1BD-AB47-493F-B7B4-2FD6E733EFEA}.Debug|Any CPU.ActiveCfg = Debug|Any CPU
		{9621F1BD-AB47-493F-B7B4-2FD6E733EFEA}.Debug|Any CPU.Build.0 = Debug|Any CPU
		{9621F1BD-AB47-493F-B7B4-2FD6E733EFEA}.Release|Any CPU.ActiveCfg = Release|Any CPU
		{9621F1BD-AB47-493F-B7B4-2FD6E733EFEA}.Release|Any CPU.Build.0 = Release|Any CPU
		{B2ED04FC-7E2C-4665-81F2-BBBFB9A6B929}.Debug|Any CPU.ActiveCfg = Debug|Any CPU
		{B2ED04FC-7E2C-4665-81F2-BBBFB9A6B929}.Debug|Any CPU.Build.0 = Debug|Any CPU
		{B2ED04FC-7E2C-4665-81F2-BBBFB9A6B929}.Release|Any CPU.ActiveCfg = Release|Any CPU
		{B2ED04FC-7E2C-4665-81F2-BBBFB9A6B929}.Release|Any CPU.Build.0 = Release|Any CPU
	EndGlobalSection
	GlobalSection(NestedProjects) = preSolution
		{045C62DC-D060-492B-87C6-0493DD368A7D} = {0E6191BF-D24B-4A45-8FE2-FC74145607F7}
		{99EA652F-CC99-4E21-A5E5-A1C3B9FEAAF3} = {AAE99484-F73B-4A1F-AF17-36F50D92FC4D}
		{8947DAE4-BA14-4AFE-BBD8-AB8E7DD5C311} = {880E2B7A-9786-4641-91D6-B05296CED181}
		{95472B16-2AD8-450D-ABB5-87B8C03BAA39} = {E16250C7-E73B-4A00-A193-CC9D6F4F04A7}
		{02FB203E-3443-441E-AC90-F8C850972406} = {E16250C7-E73B-4A00-A193-CC9D6F4F04A7}
		{E0A8E0EF-FF89-40F7-85DB-C0EF07928F2B} = {AAE99484-F73B-4A1F-AF17-36F50D92FC4D}
		{9621F1BD-AB47-493F-B7B4-2FD6E733EFEA} = {880E2B7A-9786-4641-91D6-B05296CED181}
		{B2ED04FC-7E2C-4665-81F2-BBBFB9A6B929} = {F3F39D59-2E71-4282-AEA7-E3DE0E57BD17}
	EndGlobalSection
EndGlobal
